
Microsoft Visual Studio Solution File, Format Version 12.00
# Visual Studio Version 16
VisualStudioVersion = 16.0.28803.452
MinimumVisualStudioVersion = 10.0.40219.1
Project("{FAE04EC0-301F-11D3-BF4B-00C04F79EFBC}") = "Test1", "Test1\Test1.csproj", "{45980357-430E-40D5-9379-76907FDA2DCC}"
EndProject
Global
	GlobalSection(SolutionConfigurationPlatforms) = preSolution
		Debug|Any CPU = Debug|Any CPU
		Release|Any CPU = Release|Any CPU
	EndGlobalSection
	GlobalSection(ProjectConfigurationPlatforms) = postSolution
		{45980357-430E-40D5-9379-76907FDA2DCC}.Debug|Any CPU.ActiveCfg = Debug|Any CPU
		{45980357-430E-40D5-9379-76907FDA2DCC}.Debug|Any CPU.Build.0 = Debug|Any CPU
		{45980357-430E-40D5-9379-76907FDA2DCC}.Release|Any CPU.ActiveCfg = Release|Any CPU
		{45980357-430E-40D5-9379-76907FDA2DCC}.Release|Any CPU.Build.0 = Release|Any CPU
	EndGlobalSection
	GlobalSection(SolutionProperties) = preSolution
		HideSolutionNode = FALSE
	EndGlobalSection
	GlobalSection(ExtensibilityGlobals) = postSolution
		SolutionGuid = {94BDB834-5511-4384-88C8-09CE701A8116}
	EndGlobalSection
EndGlobal
